// !$*UTF8*$!
{
	archiveVersion = 1;
	classes = {
	};
	objectVersion = 55;
	objects = {

/* Begin PBXBuildFile section */
		B565426927F9DB2A004F7C91 /* AddWord.swift in Sources */ = {isa = PBXBuildFile; fileRef = B565426827F9DB2A004F7C91 /* AddWord.swift */; };
		B5A3D98727F765030028D535 /* AddDesk.swift in Sources */ = {isa = PBXBuildFile; fileRef = B5A3D98627F765030028D535 /* AddDesk.swift */; };
		B5A3D98927F76B020028D535 /* DeskView.swift in Sources */ = {isa = PBXBuildFile; fileRef = B5A3D98827F76B020028D535 /* DeskView.swift */; };
		B5B75CC027F9BB5E00B8EBEC /* DataController.swift in Sources */ = {isa = PBXBuildFile; fileRef = B5B75CBF27F9BB5E00B8EBEC /* DataController.swift */; };
		B5B75CC327F9BC0500B8EBEC /* Desk.xcdatamodeld in Sources */ = {isa = PBXBuildFile; fileRef = B5B75CC127F9BC0500B8EBEC /* Desk.xcdatamodeld */; };
		B5CD492227F9D4E0005370C9 /* DetailedDesk.swift in Sources */ = {isa = PBXBuildFile; fileRef = B5CD492127F9D4E0005370C9 /* DetailedDesk.swift */; };
		B5ED8CDA27F716AD003B5D25 /* iCardsApp.swift in Sources */ = {isa = PBXBuildFile; fileRef = B5ED8CD927F716AD003B5D25 /* iCardsApp.swift */; };
		B5ED8CDC27F716AD003B5D25 /* ContentView.swift in Sources */ = {isa = PBXBuildFile; fileRef = B5ED8CDB27F716AD003B5D25 /* ContentView.swift */; };
		B5ED8CDE27F716AD003B5D25 /* Assets.xcassets in Resources */ = {isa = PBXBuildFile; fileRef = B5ED8CDD27F716AD003B5D25 /* Assets.xcassets */; };
		B5ED8CE127F716AD003B5D25 /* Preview Assets.xcassets in Resources */ = {isa = PBXBuildFile; fileRef = B5ED8CE027F716AD003B5D25 /* Preview Assets.xcassets */; };
/* End PBXBuildFile section */

/* Begin PBXFileReference section */
		B565426827F9DB2A004F7C91 /* AddWord.swift */ = {isa = PBXFileReference; lastKnownFileType = sourcecode.swift; path = AddWord.swift; sourceTree = "<group>"; };
		B5A3D98627F765030028D535 /* AddDesk.swift */ = {isa = PBXFileReference; lastKnownFileType = sourcecode.swift; path = AddDesk.swift; sourceTree = "<group>"; };
		B5A3D98827F76B020028D535 /* DeskView.swift */ = {isa = PBXFileReference; lastKnownFileType = sourcecode.swift; path = DeskView.swift; sourceTree = "<group>"; };
		B5B75CBF27F9BB5E00B8EBEC /* DataController.swift */ = {isa = PBXFileReference; lastKnownFileType = sourcecode.swift; path = DataController.swift; sourceTree = "<group>"; };
		B5B75CC227F9BC0500B8EBEC /* Desk.xcdatamodel */ = {isa = PBXFileReference; lastKnownFileType = wrapper.xcdatamodel; path = Desk.xcdatamodel; sourceTree = "<group>"; };
		B5CD492127F9D4E0005370C9 /* DetailedDesk.swift */ = {isa = PBXFileReference; lastKnownFileType = sourcecode.swift; path = DetailedDesk.swift; sourceTree = "<group>"; };
		B5ED8CD627F716AD003B5D25 /* iCards.app */ = {isa = PBXFileReference; explicitFileType = wrapper.application; includeInIndex = 0; path = iCards.app; sourceTree = BUILT_PRODUCTS_DIR; };
		B5ED8CD927F716AD003B5D25 /* iCardsApp.swift */ = {isa = PBXFileReference; lastKnownFileType = sourcecode.swift; path = iCardsApp.swift; sourceTree = "<group>"; };
		B5ED8CDB27F716AD003B5D25 /* ContentView.swift */ = {isa = PBXFileReference; lastKnownFileType = sourcecode.swift; path = ContentView.swift; sourceTree = "<group>"; };
		B5ED8CDD27F716AD003B5D25 /* Assets.xcassets */ = {isa = PBXFileReference; lastKnownFileType = folder.assetcatalog; path = Assets.xcassets; sourceTree = "<group>"; };
		B5ED8CE027F716AD003B5D25 /* Preview Assets.xcassets */ = {isa = PBXFileReference; lastKnownFileType = folder.assetcatalog; path = "Preview Assets.xcassets"; sourceTree = "<group>"; };
/* End PBXFileReference section */

/* Begin PBXFrameworksBuildPhase section */
		B5ED8CD327F716AD003B5D25 /* Frameworks */ = {
			isa = PBXFrameworksBuildPhase;
			buildActionMask = 2147483647;
			files = (
			);
			runOnlyForDeploymentPostprocessing = 0;
		};
/* End PBXFrameworksBuildPhase section */

/* Begin PBXGroup section */
		B55016D427F99EEB00D9DC6B /* CoreData */ = {
			isa = PBXGroup;
			children = (
				B5B75CBF27F9BB5E00B8EBEC /* DataController.swift */,
				B5B75CC127F9BC0500B8EBEC /* Desk.xcdatamodeld */,
			);
			path = CoreData;
			sourceTree = "<group>";
		};
		B5ED8CCD27F716AD003B5D25 = {
			isa = PBXGroup;
			children = (
				B5ED8CD827F716AD003B5D25 /* iCards */,
				B5ED8CD727F716AD003B5D25 /* Products */,
			);
			sourceTree = "<group>";
		};
		B5ED8CD727F716AD003B5D25 /* Products */ = {
			isa = PBXGroup;
			children = (
				B5ED8CD627F716AD003B5D25 /* iCards.app */,
			);
			name = Products;
			sourceTree = "<group>";
		};
		B5ED8CD827F716AD003B5D25 /* iCards */ = {
			isa = PBXGroup;
			children = (
				B5A3D98827F76B020028D535 /* DeskView.swift */,
				B5A3D98627F765030028D535 /* AddDesk.swift */,
				B565426827F9DB2A004F7C91 /* AddWord.swift */,
				B5ED8CDB27F716AD003B5D25 /* ContentView.swift */,
				B5ED8CD927F716AD003B5D25 /* iCardsApp.swift */,
				B5CD492127F9D4E0005370C9 /* DetailedDesk.swift */,
				B55016D427F99EEB00D9DC6B /* CoreData */,
				B5ED8CDD27F716AD003B5D25 /* Assets.xcassets */,
				B5ED8CDF27F716AD003B5D25 /* Preview Content */,
			);
			path = iCards;
			sourceTree = "<group>";
		};
		B5ED8CDF27F716AD003B5D25 /* Preview Content */ = {
			isa = PBXGroup;
			children = (
				B5ED8CE027F716AD003B5D25 /* Preview Assets.xcassets */,
			);
			path = "Preview Content";
			sourceTree = "<group>";
		};
/* End PBXGroup section */

/* Begin PBXNativeTarget section */
		B5ED8CD527F716AD003B5D25 /* iCards */ = {
			isa = PBXNativeTarget;
			buildConfigurationList = B5ED8CE427F716AD003B5D25 /* Build configuration list for PBXNativeTarget "iCards" */;
			buildPhases = (
				B5ED8CD227F716AD003B5D25 /* Sources */,
				B5ED8CD327F716AD003B5D25 /* Frameworks */,
				B5ED8CD427F716AD003B5D25 /* Resources */,
			);
			buildRules = (
			);
			dependencies = (
			);
			name = iCards;
			productName = iCards;
			productReference = B5ED8CD627F716AD003B5D25 /* iCards.app */;
			productType = "com.apple.product-type.application";
		};
/* End PBXNativeTarget section */

/* Begin PBXProject section */
		B5ED8CCE27F716AD003B5D25 /* Project object */ = {
			isa = PBXProject;
			attributes = {
				BuildIndependentTargetsInParallel = 1;
				LastSwiftUpdateCheck = 1310;
				LastUpgradeCheck = 1310;
				TargetAttributes = {
					B5ED8CD527F716AD003B5D25 = {
						CreatedOnToolsVersion = 13.1;
					};
				};
			};
			buildConfigurationList = B5ED8CD127F716AD003B5D25 /* Build configuration list for PBXProject "iCards" */;
			compatibilityVersion = "Xcode 13.0";
			developmentRegion = en;
			hasScannedForEncodings = 0;
			knownRegions = (
				en,
				Base,
			);
			mainGroup = B5ED8CCD27F716AD003B5D25;
			productRefGroup = B5ED8CD727F716AD003B5D25 /* Products */;
			projectDirPath = "";
			projectRoot = "";
			targets = (
				B5ED8CD527F716AD003B5D25 /* iCards */,
			);
		};
/* End PBXProject section */

/* Begin PBXResourcesBuildPhase section */
		B5ED8CD427F716AD003B5D25 /* Resources */ = {
			isa = PBXResourcesBuildPhase;
			buildActionMask = 2147483647;
			files = (
				B5ED8CE127F716AD003B5D25 /* Preview Assets.xcassets in Resources */,
				B5ED8CDE27F716AD003B5D25 /* Assets.xcassets in Resources */,
			);
			runOnlyForDeploymentPostprocessing = 0;
		};
/* End PBXResourcesBuildPhase section */

/* Begin PBXSourcesBuildPhase section */
		B5ED8CD227F716AD003B5D25 /* Sources */ = {
			isa = PBXSourcesBuildPhase;
			buildActionMask = 2147483647;
			files = (
				B5B75CC327F9BC0500B8EBEC /* Desk.xcdatamodeld in Sources */,
				B5B75CC027F9BB5E00B8EBEC /* DataController.swift in Sources */,
				B5CD492227F9D4E0005370C9 /* DetailedDesk.swift in Sources */,
				B5A3D98727F765030028D535 /* AddDesk.swift in Sources */,
				B5A3D98927F76B020028D535 /* DeskView.swift in Sources */,
				B565426927F9DB2A004F7C91 /* AddWord.swift in Sources */,
				B5ED8CDC27F716AD003B5D25 /* ContentView.swift in Sources */,
				B5ED8CDA27F716AD003B5D25 /* iCardsApp.swift in Sources */,
			);
			runOnlyForDeploymentPostprocessing = 0;
		};
/* End PBXSourcesBuildPhase section */

/* Begin XCBuildConfiguration section */
		B5ED8CE227F716AD003B5D25 /* Debug */ = {
			isa = XCBuildConfiguration;
			buildSettings = {
				ALWAYS_SEARCH_USER_PATHS = NO;
				CLANG_ANALYZER_NONNULL = YES;
				CLANG_ANALYZER_NUMBER_OBJECT_CONVERSION = YES_AGGRESSIVE;
				CLANG_CXX_LANGUAGE_STANDARD = "gnu++17";
				CLANG_CXX_LIBRARY = "libc++";
				CLANG_ENABLE_MODULES = YES;
				CLANG_ENABLE_OBJC_ARC = YES;
				CLANG_ENABLE_OBJC_WEAK = YES;
				CLANG_WARN_BLOCK_CAPTURE_AUTORELEASING = YES;
				CLANG_WARN_BOOL_CONVERSION = YES;
				CLANG_WARN_COMMA = YES;
				CLANG_WARN_CONSTANT_CONVERSION = YES;
				CLANG_WARN_DEPRECATED_OBJC_IMPLEMENTATIONS = YES;
				CLANG_WARN_DIRECT_OBJC_ISA_USAGE = YES_ERROR;
				CLANG_WARN_DOCUMENTATION_COMMENTS = YES;
				CLANG_WARN_EMPTY_BODY = YES;
				CLANG_WARN_ENUM_CONVERSION = YES;
				CLANG_WARN_INFINITE_RECURSION = YES;
				CLANG_WARN_INT_CONVERSION = YES;
				CLANG_WARN_NON_LITERAL_NULL_CONVERSION = YES;
				CLANG_WARN_OBJC_IMPLICIT_RETAIN_SELF = YES;
				CLANG_WARN_OBJC_LITERAL_CONVERSION = YES;
				CLANG_WARN_OBJC_ROOT_CLASS = YES_ERROR;
				CLANG_WARN_QUOTED_INCLUDE_IN_FRAMEWORK_HEADER = YES;
				CLANG_WARN_RANGE_LOOP_ANALYSIS = YES;
				CLANG_WARN_STRICT_PROTOTYPES = YES;
				CLANG_WARN_SUSPICIOUS_MOVE = YES;
				CLANG_WARN_UNGUARDED_AVAILABILITY = YES_AGGRESSIVE;
				CLANG_WARN_UNREACHABLE_CODE = YES;
				CLANG_WARN__DUPLICATE_METHOD_MATCH = YES;
				COPY_PHASE_STRIP = NO;
				DEBUG_INFORMATION_FORMAT = dwarf;
				ENABLE_STRICT_OBJC_MSGSEND = YES;
				ENABLE_TESTABILITY = YES;
				GCC_C_LANGUAGE_STANDARD = gnu11;
				GCC_DYNAMIC_NO_PIC = NO;
				GCC_NO_COMMON_BLOCKS = YES;
				GCC_OPTIMIZATION_LEVEL = 0;
				GCC_PREPROCESSOR_DEFINITIONS = (
					"DEBUG=1",
					"$(inherited)",
				);
				GCC_WARN_64_TO_32_BIT_CONVERSION = YES;
				GCC_WARN_ABOUT_RETURN_TYPE = YES_ERROR;
				GCC_WARN_UNDECLARED_SELECTOR = YES;
				GCC_WARN_UNINITIALIZED_AUTOS = YES_AGGRESSIVE;
				GCC_WARN_UNUSED_FUNCTION = YES;
				GCC_WARN_UNUSED_VARIABLE = YES;
				IPHONEOS_DEPLOYMENT_TARGET = 15.0;
				MTL_ENABLE_DEBUG_INFO = INCLUDE_SOURCE;
				MTL_FAST_MATH = YES;
				ONLY_ACTIVE_ARCH = YES;
				SDKROOT = iphoneos;
				SWIFT_ACTIVE_COMPILATION_CONDITIONS = DEBUG;
				SWIFT_OPTIMIZATION_LEVEL = "-Onone";
			};
			name = Debug;
		};
		B5ED8CE327F716AD003B5D25 /* Release */ = {
			isa = XCBuildConfiguration;
			buildSettings = {
				ALWAYS_SEARCH_USER_PATHS = NO;
				CLANG_ANALYZER_NONNULL = YES;
				CLANG_ANALYZER_NUMBER_OBJECT_CONVERSION = YES_AGGRESSIVE;
				CLANG_CXX_LANGUAGE_STANDARD = "gnu++17";
				CLANG_CXX_LIBRARY = "libc++";
				CLANG_ENABLE_MODULES = YES;
				CLANG_ENABLE_OBJC_ARC = YES;
				CLANG_ENABLE_OBJC_WEAK = YES;
				CLANG_WARN_BLOCK_CAPTURE_AUTORELEASING = YES;
				CLANG_WARN_BOOL_CONVERSION = YES;
				CLANG_WARN_COMMA = YES;
				CLANG_WARN_CONSTANT_CONVERSION = YES;
				CLANG_WARN_DEPRECATED_OBJC_IMPLEMENTATIONS = YES;
				CLANG_WARN_DIRECT_OBJC_ISA_USAGE = YES_ERROR;
				CLANG_WARN_DOCUMENTATION_COMMENTS = YES;
				CLANG_WARN_EMPTY_BODY = YES;
				CLANG_WARN_ENUM_CONVERSION = YES;
				CLANG_WARN_INFINITE_RECURSION = YES;
				CLANG_WARN_INT_CONVERSION = YES;
				CLANG_WARN_NON_LITERAL_NULL_CONVERSION = YES;
				CLANG_WARN_OBJC_IMPLICIT_RETAIN_SELF = YES;
				CLANG_WARN_OBJC_LITERAL_CONVERSION = YES;
				CLANG_WARN_OBJC_ROOT_CLASS = YES_ERROR;
				CLANG_WARN_QUOTED_INCLUDE_IN_FRAMEWORK_HEADER = YES;
				CLANG_WARN_RANGE_LOOP_ANALYSIS = YES;
				CLANG_WARN_STRICT_PROTOTYPES = YES;
				CLANG_WARN_SUSPICIOUS_MOVE = YES;
				CLANG_WARN_UNGUARDED_AVAILABILITY = YES_AGGRESSIVE;
				CLANG_WARN_UNREACHABLE_CODE = YES;
				CLANG_WARN__DUPLICATE_METHOD_MATCH = YES;
				COPY_PHASE_STRIP = NO;
				DEBUG_INFORMATION_FORMAT = "dwarf-with-dsym";
				ENABLE_NS_ASSERTIONS = NO;
				ENABLE_STRICT_OBJC_MSGSEND = YES;
				GCC_C_LANGUAGE_STANDARD = gnu11;
				GCC_NO_COMMON_BLOCKS = YES;
				GCC_WARN_64_TO_32_BIT_CONVERSION = YES;
				GCC_WARN_ABOUT_RETURN_TYPE = YES_ERROR;
				GCC_WARN_UNDECLARED_SELECTOR = YES;
				GCC_WARN_UNINITIALIZED_AUTOS = YES_AGGRESSIVE;
				GCC_WARN_UNUSED_FUNCTION = YES;
				GCC_WARN_UNUSED_VARIABLE = YES;
				IPHONEOS_DEPLOYMENT_TARGET = 15.0;
				MTL_ENABLE_DEBUG_INFO = NO;
				MTL_FAST_MATH = YES;
				SDKROOT = iphoneos;
				SWIFT_COMPILATION_MODE = wholemodule;
				SWIFT_OPTIMIZATION_LEVEL = "-O";
				VALIDATE_PRODUCT = YES;
			};
			name = Release;
		};
		B5ED8CE527F716AD003B5D25 /* Debug */ = {
			isa = XCBuildConfiguration;
			buildSettings = {
				ASSETCATALOG_COMPILER_APPICON_NAME = AppIcon;
				ASSETCATALOG_COMPILER_GLOBAL_ACCENT_COLOR_NAME = AccentColor;
				CODE_SIGN_STYLE = Automatic;
				CURRENT_PROJECT_VERSION = 1;
				DEVELOPMENT_ASSET_PATHS = "\"iCards/Preview Content\"";
				DEVELOPMENT_TEAM = V352R4M2J4;
				ENABLE_PREVIEWS = YES;
				GENERATE_INFOPLIST_FILE = YES;
				INFOPLIST_KEY_UIApplicationSceneManifest_Generation = YES;
				INFOPLIST_KEY_UIApplicationSupportsIndirectInputEvents = YES;
				INFOPLIST_KEY_UILaunchScreen_Generation = YES;
				INFOPLIST_KEY_UISupportedInterfaceOrientations_iPad = "UIInterfaceOrientationPortrait UIInterfaceOrientationPortraitUpsideDown UIInterfaceOrientationLandscapeLeft UIInterfaceOrientationLandscapeRight";
				INFOPLIST_KEY_UISupportedInterfaceOrientations_iPhone = "UIInterfaceOrientationPortrait UIInterfaceOrientationLandscapeLeft UIInterfaceOrientationLandscapeRight";
				LD_RUNPATH_SEARCH_PATHS = (
					"$(inherited)",
					"@executable_path/Frameworks",
				);
				MARKETING_VERSION = 1.0;
				PRODUCT_BUNDLE_IDENTIFIER = pavel.iCards;
				PRODUCT_NAME = "$(TARGET_NAME)";
				SWIFT_EMIT_LOC_STRINGS = YES;
				SWIFT_VERSION = 5.0;
				TARGETED_DEVICE_FAMILY = "1,2";
			};
			name = Debug;
		};
		B5ED8CE627F716AD003B5D25 /* Release */ = {
			isa = XCBuildConfiguration;
			buildSettings = {
				ASSETCATALOG_COMPILER_APPICON_NAME = AppIcon;
				ASSETCATALOG_COMPILER_GLOBAL_ACCENT_COLOR_NAME = AccentColor;
				CODE_SIGN_STYLE = Automatic;
				CURRENT_PROJECT_VERSION = 1;
				DEVELOPMENT_ASSET_PATHS = "\"iCards/Preview Content\"";
				DEVELOPMENT_TEAM = V352R4M2J4;
				ENABLE_PREVIEWS = YES;
				GENERATE_INFOPLIST_FILE = YES;
				INFOPLIST_KEY_UIApplicationSceneManifest_Generation = YES;
				INFOPLIST_KEY_UIApplicationSupportsIndirectInputEvents = YES;
				INFOPLIST_KEY_UILaunchScreen_Generation = YES;
				INFOPLIST_KEY_UISupportedInterfaceOrientations_iPad = "UIInterfaceOrientationPortrait UIInterfaceOrientationPortraitUpsideDown UIInterfaceOrientationLandscapeLeft UIInterfaceOrientationLandscapeRight";
				INFOPLIST_KEY_UISupportedInterfaceOrientations_iPhone = "UIInterfaceOrientationPortrait UIInterfaceOrientationLandscapeLeft UIInterfaceOrientationLandscapeRight";
				LD_RUNPATH_SEARCH_PATHS = (
					"$(inherited)",
					"@executable_path/Frameworks",
				);
				MARKETING_VERSION = 1.0;
				PRODUCT_BUNDLE_IDENTIFIER = pavel.iCards;
				PRODUCT_NAME = "$(TARGET_NAME)";
				SWIFT_EMIT_LOC_STRINGS = YES;
				SWIFT_VERSION = 5.0;
				TARGETED_DEVICE_FAMILY = "1,2";
			};
			name = Release;
		};
/* End XCBuildConfiguration section */

/* Begin XCConfigurationList section */
		B5ED8CD127F716AD003B5D25 /* Build configuration list for PBXProject "iCards" */ = {
			isa = XCConfigurationList;
			buildConfigurations = (
				B5ED8CE227F716AD003B5D25 /* Debug */,
				B5ED8CE327F716AD003B5D25 /* Release */,
			);
			defaultConfigurationIsVisible = 0;
			defaultConfigurationName = Release;
		};
		B5ED8CE427F716AD003B5D25 /* Build configuration list for PBXNativeTarget "iCards" */ = {
			isa = XCConfigurationList;
			buildConfigurations = (
				B5ED8CE527F716AD003B5D25 /* Debug */,
				B5ED8CE627F716AD003B5D25 /* Release */,
			);
			defaultConfigurationIsVisible = 0;
			defaultConfigurationName = Release;
		};
/* End XCConfigurationList section */

/* Begin XCVersionGroup section */
		B5B75CC127F9BC0500B8EBEC /* Desk.xcdatamodeld */ = {
			isa = XCVersionGroup;
			children = (
				B5B75CC227F9BC0500B8EBEC /* Desk.xcdatamodel */,
			);
			currentVersion = B5B75CC227F9BC0500B8EBEC /* Desk.xcdatamodel */;
			path = Desk.xcdatamodeld;
			sourceTree = "<group>";
			versionGroupType = wrapper.xcdatamodel;
		};
/* End XCVersionGroup section */
	};
	rootObject = B5ED8CCE27F716AD003B5D25 /* Project object */;
}
